
Microsoft Visual Studio Solution File, Format Version 12.00
# Visual Studio 15
VisualStudioVersion = 15.0.28010.2026
MinimumVisualStudioVersion = 10.0.40219.1
Project("{FAE04EC0-301F-11D3-BF4B-00C04F79EFBC}") = "Data protection", "Data protection\Data protection.csproj", "{988DA260-D6E3-4CF7-BCD6-B304C94AB011}"
EndProject
Global
	GlobalSection(SolutionConfigurationPlatforms) = preSolution
		Debug|Any CPU = Debug|Any CPU
		Release|Any CPU = Release|Any CPU
	EndGlobalSection
	GlobalSection(ProjectConfigurationPlatforms) = postSolution
		{988DA260-D6E3-4CF7-BCD6-B304C94AB011}.Debug|Any CPU.ActiveCfg = Debug|Any CPU
		{988DA260-D6E3-4CF7-BCD6-B304C94AB011}.Debug|Any CPU.Build.0 = Debug|Any CPU
		{988DA260-D6E3-4CF7-BCD6-B304C94AB011}.Release|Any CPU.ActiveCfg = Release|Any CPU
		{988DA260-D6E3-4CF7-BCD6-B304C94AB011}.Release|Any CPU.Build.0 = Release|Any CPU
	EndGlobalSection
	GlobalSection(SolutionProperties) = preSolution
		HideSolutionNode = FALSE
	EndGlobalSection
	GlobalSection(ExtensibilityGlobals) = postSolution
		SolutionGuid = {DB8F0171-AEB6-4AD4-B4DB-58727CF652C5}
	EndGlobalSection
EndGlobal
